<?xml version="1.0" encoding="utf-8"?>
<Project ToolsVersion="4.0" xmlns="http://schemas.microsoft.com/developer/msbuild/2003">
  <ItemGroup>
    <Filter Include="소스 파일">
      <UniqueIdentifier>{4FC737F1-C7A5-4376-A066-2A32D752A2FF}</UniqueIdentifier>
      <Extensions>cpp;c;cc;cxx;c++;cppm;ixx;def;odl;idl;hpj;bat;asm;asmx</Extensions>
    </Filter>
    <Filter Include="헤더 파일">
      <UniqueIdentifier>{93995380-89BD-4b04-88EB-625FBE52EBFB}</UniqueIdentifier>
      <Extensions>h;hh;hpp;hxx;h++;hm;inl;inc;ipp;xsd</Extensions>
    </Filter>
    <Filter Include="리소스 파일">
      <UniqueIdentifier>{67DA6AB6-F800-4c08-8B7A-83BB121AAD01}</UniqueIdentifier>
      <Extensions>rc;ico;cur;bmp;dlg;rc2;rct;bin;rgs;gif;jpg;jpeg;jpe;resx;tiff;tif;png;wav;mfcribbon-ms</Extensions>
    </Filter>
  </ItemGroup>
  <ItemGroup>
    <ClCompile Include="p92.cpp">
      <Filter>소스 파일</Filter>
    </ClCompile>
    <ClCompile Include="p96.cpp">
      <Filter>소스 파일</Filter>
    </ClCompile>
    <ClCompile Include="p99.cpp">
      <Filter>소스 파일</Filter>
    </ClCompile>
    <ClCompile Include="p311.cpp">
      <Filter>소스 파일</Filter>
    </ClCompile>
    <ClCompile Include="p312.cpp">
      <Filter>소스 파일</Filter>
    </ClCompile>
    <ClCompile Include="p313.cpp">
      <Filter>소스 파일</Filter>
    </ClCompile>
    <ClCompile Include="p314.cpp">
      <Filter>소스 파일</Filter>
    </ClCompile>
    <ClCompile Include="p315.cpp">
      <Filter>소스 파일</Filter>
    </ClCompile>
    <ClCompile Include="2839.cpp">
      <Filter>소스 파일</Filter>
    </ClCompile>
    <ClCompile Include="2720.cpp">
      <Filter>소스 파일</Filter>
    </ClCompile>
    <ClCompile Include="2684.cpp">
      <Filter>소스 파일</Filter>
    </ClCompile>
    <ClCompile Include="14487.cpp">
      <Filter>소스 파일</Filter>
    </ClCompile>
    <ClCompile Include="18238.cpp">
      <Filter>소스 파일</Filter>
    </ClCompile>
    <ClCompile Include="2810.cpp">
      <Filter>소스 파일</Filter>
    </ClCompile>
    <ClCompile Include="5585.cpp">
      <Filter>소스 파일</Filter>
    </ClCompile>
    <ClCompile Include="p110.cpp">
      <Filter>소스 파일</Filter>
    </ClCompile>
    <ClCompile Include="p113.cpp">
      <Filter>소스 파일</Filter>
    </ClCompile>
    <ClCompile Include="p115.cpp">
      <Filter>소스 파일</Filter>
    </ClCompile>
    <ClCompile Include="p118.cpp">
      <Filter>소스 파일</Filter>
    </ClCompile>
    <ClCompile Include="p118모범답.cpp">
      <Filter>소스 파일</Filter>
    </ClCompile>
    <ClCompile Include="p321.cpp">
      <Filter>소스 파일</Filter>
    </ClCompile>
    <ClCompile Include="p322.cpp">
      <Filter>소스 파일</Filter>
    </ClCompile>
    <ClCompile Include="p323.cpp">
      <Filter>소스 파일</Filter>
    </ClCompile>
    <ClCompile Include="p325.cpp">
      <Filter>소스 파일</Filter>
    </ClCompile>
    <ClCompile Include="p327.cpp">
      <Filter>소스 파일</Filter>
    </ClCompile>
    <ClCompile Include="p329.cpp">
      <Filter>소스 파일</Filter>
    </ClCompile>
    <ClCompile Include="p332.cpp">
      <Filter>소스 파일</Filter>
    </ClCompile>
    <ClCompile Include="p335.cpp">
      <Filter>소스 파일</Filter>
    </ClCompile>
    <ClCompile Include="p149.cpp">
      <Filter>소스 파일</Filter>
    </ClCompile>
    <ClCompile Include="p152.cpp">
      <Filter>소스 파일</Filter>
    </ClCompile>
    <ClCompile Include="1260.cpp">
      <Filter>소스 파일</Filter>
    </ClCompile>
    <ClCompile Include="p341.cpp">
      <Filter>소스 파일</Filter>
    </ClCompile>
    <ClCompile Include="p344.cpp">
      <Filter>소스 파일</Filter>
    </ClCompile>
    <ClCompile Include="p346.cpp">
      <Filter>소스 파일</Filter>
    </ClCompile>
    <ClCompile Include="1676.cpp">
      <Filter>소스 파일</Filter>
    </ClCompile>
    <ClCompile Include="2004.cpp">
      <Filter>소스 파일</Filter>
    </ClCompile>
    <ClCompile Include="17087.cpp">
      <Filter>소스 파일</Filter>
    </ClCompile>
    <ClCompile Include="1373.cpp">
      <Filter>소스 파일</Filter>
    </ClCompile>
    <ClCompile Include="17103.cpp">
      <Filter>소스 파일</Filter>
    </ClCompile>
    <ClCompile Include="2089.cpp">
      <Filter>소스 파일</Filter>
    </ClCompile>
    <ClCompile Include="9095.cpp">
      <Filter>소스 파일</Filter>
    </ClCompile>
    <ClCompile Include="10972.cpp">
      <Filter>소스 파일</Filter>
    </ClCompile>
    <ClCompile Include="10973.cpp">
      <Filter>소스 파일</Filter>
    </ClCompile>
    <ClCompile Include="10974.cpp">
      <Filter>소스 파일</Filter>
    </ClCompile>
    <ClCompile Include="10819.cpp">
      <Filter>소스 파일</Filter>
    </ClCompile>
    <ClCompile Include="10971.cpp">
      <Filter>소스 파일</Filter>
    </ClCompile>
    <ClCompile Include="14888.cpp">
      <Filter>소스 파일</Filter>
    </ClCompile>
    <ClCompile Include="9095dp.cpp">
      <Filter>소스 파일</Filter>
    </ClCompile>
    <ClCompile Include="1463.cpp">
      <Filter>소스 파일</Filter>
    </ClCompile>
    <ClCompile Include="11052.cpp">
      <Filter>소스 파일</Filter>
    </ClCompile>
    <ClCompile Include="16194.cpp">
      <Filter>소스 파일</Filter>
    </ClCompile>
    <ClCompile Include="16194td.cpp">
      <Filter>소스 파일</Filter>
    </ClCompile>
    <ClCompile Include="2913.cpp">
      <Filter>소스 파일</Filter>
    </ClCompile>
    <ClCompile Include="9095td.cpp">
      <Filter>소스 파일</Filter>
    </ClCompile>
    <ClCompile Include="1759.cpp">
      <Filter>소스 파일</Filter>
    </ClCompile>
    <ClCompile Include="6603.cpp">
      <Filter>소스 파일</Filter>
    </ClCompile>
    <ClCompile Include="1182.cpp">
      <Filter>소스 파일</Filter>
    </ClCompile>
    <ClCompile Include="sw1206.cpp">
      <Filter>소스 파일</Filter>
    </ClCompile>
    <ClCompile Include="sw1926.cpp">
      <Filter>소스 파일</Filter>
    </ClCompile>
    <ClCompile Include="sw1859.cpp">
      <Filter>소스 파일</Filter>
    </ClCompile>
    <ClCompile Include="sw5188.cpp">
      <Filter>소스 파일</Filter>
    </ClCompile>
    <ClCompile Include="sw1491.cpp">
      <Filter>소스 파일</Filter>
    </ClCompile>
  </ItemGroup>
</Project>